
Microsoft Visual Studio Solution File, Format Version 12.00
# Visual Studio Version 16
VisualStudioVersion = 16.0.30413.136
MinimumVisualStudioVersion = 10.0.40219.1
Project("{FAE04EC0-301F-11D3-BF4B-00C04F79EFBC}") = "Outpost Core Kassa WPF", "Outpost Core Kassa WPF\Outpost Core Kassa WPF.csproj", "{8771863B-1E4E-4963-9500-7A554A76FFFD}"
EndProject
Global
	GlobalSection(SolutionConfigurationPlatforms) = preSolution
		Debug|Any CPU = Debug|Any CPU
		Release|Any CPU = Release|Any CPU
	EndGlobalSection
	GlobalSection(ProjectConfigurationPlatforms) = postSolution
		{8771863B-1E4E-4963-9500-7A554A76FFFD}.Debug|Any CPU.ActiveCfg = Debug|Any CPU
		{8771863B-1E4E-4963-9500-7A554A76FFFD}.Debug|Any CPU.Build.0 = Debug|Any CPU
		{8771863B-1E4E-4963-9500-7A554A76FFFD}.Release|Any CPU.ActiveCfg = Release|Any CPU
		{8771863B-1E4E-4963-9500-7A554A76FFFD}.Release|Any CPU.Build.0 = Release|Any CPU
	EndGlobalSection
	GlobalSection(SolutionProperties) = preSolution
		HideSolutionNode = FALSE
	EndGlobalSection
	GlobalSection(ExtensibilityGlobals) = postSolution
		SolutionGuid = {002E8124-1FD5-4CCD-B3D7-8322E0595534}
	EndGlobalSection
EndGlobal
